{
  "lockfile_version": "1",
  "packages": {
    "binaryen@latest": {
      "last_modified": "2024-12-03T12:40:06Z",
      "resolved": "github:NixOS/nixpkgs/566e53c2ad750c84f6d31f9ccb9d00f823165550#binaryen",
      "source": "devbox-search",
      "version": "119",
      "systems": {
        "aarch64-darwin": {
          "outputs": [
            {
              "name": "out",
              "path": "/nix/store/blyyzx2dwk40ph2hxfi5sj7mh5zmm9sa-binaryen-119",
              "default": true
            }
          ],
          "store_path": "/nix/store/blyyzx2dwk40ph2hxfi5sj7mh5zmm9sa-binaryen-119"
        },
        "aarch64-linux": {
          "outputs": [
            {
              "name": "out",
              "path": "/nix/store/dpdiry391x48bk5hrk5kfzhd3hf6hspk-binaryen-119",
              "default": true
            }
          ],
          "store_path": "/nix/store/dpdiry391x48bk5hrk5kfzhd3hf6hspk-binaryen-119"
        },
        "x86_64-darwin": {
          "outputs": [
            {
              "name": "out",
              "path": "/nix/store/2yz6m6c5x2pqz89dywvgssg3csn4bfj3-binaryen-119",
              "default": true
            }
          ],
          "store_path": "/nix/store/2yz6m6c5x2pqz89dywvgssg3csn4bfj3-binaryen-119"
        },
        "x86_64-linux": {
          "outputs": [
            {
              "name": "out",
              "path": "/nix/store/nbwk6prg14398l69f0zc7ynqacbi525f-binaryen-119",
              "default": true
            }
          ],
          "store_path": "/nix/store/nbwk6prg14398l69f0zc7ynqacbi525f-binaryen-119"
        }
      }
    },
    "deno@latest": {
      "last_modified": "2025-02-01T15:12:02Z",
      "resolved": "github:NixOS/nixpkgs/102a39bfee444533e6b4e8611d7e92aa39b7bec1#deno",
      "source": "devbox-search",
      "version": "2.1.9",
      "systems": {
        "aarch64-darwin": {
          "outputs": [
            {
              "name": "out",
              "path": "/nix/store/77fw2fcrjn87461xb4kdg5l7gchqb982-deno-2.1.9",
              "default": true
            }
          ],
          "store_path": "/nix/store/77fw2fcrjn87461xb4kdg5l7gchqb982-deno-2.1.9"
        },
        "aarch64-linux": {
          "outputs": [
            {
              "name": "out",
              "path": "/nix/store/k63dzrvqafv692yq851x6gyrrflcpka2-deno-2.1.9",
              "default": true
            }
          ],
          "store_path": "/nix/store/k63dzrvqafv692yq851x6gyrrflcpka2-deno-2.1.9"
        },
        "x86_64-darwin": {
          "outputs": [
            {
              "name": "out",
              "path": "/nix/store/sgx9ya6y3ik49sdwh8fam36i5ixkzw1q-deno-2.1.9",
              "default": true
            }
          ],
          "store_path": "/nix/store/sgx9ya6y3ik49sdwh8fam36i5ixkzw1q-deno-2.1.9"
        },
        "x86_64-linux": {
          "outputs": [
            {
              "name": "out",
              "path": "/nix/store/4zvrgaqj384skzf20vpmsym1smrcjqwc-deno-2.1.9",
              "default": true
            }
          ],
          "store_path": "/nix/store/4zvrgaqj384skzf20vpmsym1smrcjqwc-deno-2.1.9"
        }
      }
    },
    "emscripten@latest": {
      "last_modified": "2025-01-19T08:16:51Z",
      "resolved": "github:NixOS/nixpkgs/50165c4f7eb48ce82bd063e1fb8047a0f515f8ce#emscripten",
      "source": "devbox-search",
      "version": "3.1.73",
      "systems": {
        "aarch64-darwin": {
          "outputs": [
            {
              "name": "out",
              "path": "/nix/store/8ggb5v245kmgzzk89sg2fgfscz4vl9r1-emscripten-3.1.73",
              "default": true
            }
          ],
          "store_path": "/nix/store/8ggb5v245kmgzzk89sg2fgfscz4vl9r1-emscripten-3.1.73"
        },
        "aarch64-linux": {
          "outputs": [
            {
              "name": "out",
              "path": "/nix/store/9d5sqr5z5c5zvl9jxwzwksvdxv461b41-emscripten-3.1.73",
              "default": true
            }
          ],
          "store_path": "/nix/store/9d5sqr5z5c5zvl9jxwzwksvdxv461b41-emscripten-3.1.73"
        },
        "x86_64-darwin": {
          "outputs": [
            {
              "name": "out",
              "path": "/nix/store/zgad5m5blynzq79fsci4mplp6mw9yyg0-emscripten-3.1.73",
              "default": true
            }
          ],
          "store_path": "/nix/store/zgad5m5blynzq79fsci4mplp6mw9yyg0-emscripten-3.1.73"
        },
        "x86_64-linux": {
          "outputs": [
            {
              "name": "out",
              "path": "/nix/store/1fq25pajkkr81bdax2rd6mccfb874vhn-emscripten-3.1.73",
              "default": true
            }
          ],
          "store_path": "/nix/store/1fq25pajkkr81bdax2rd6mccfb874vhn-emscripten-3.1.73"
        }
      }
    },
    "gnumake@latest": {
      "last_modified": "2025-01-19T08:16:51Z",
      "resolved": "github:NixOS/nixpkgs/50165c4f7eb48ce82bd063e1fb8047a0f515f8ce#gnumake",
      "source": "devbox-search",
      "version": "4.4.1",
      "systems": {
        "aarch64-darwin": {
          "outputs": [
            {
              "name": "out",
              "path": "/nix/store/lgwqlms7xmi8blp2859r44kjacr5zxh4-gnumake-4.4.1",
              "default": true
            },
            {
              "name": "man",
              "path": "/nix/store/dwxn1hp17lavlpxrgbd3pli3xrrlcwbf-gnumake-4.4.1-man",
              "default": true
            },
            {
              "name": "info",
              "path": "/nix/store/4mafcvbla79xbj2fz6i1minp5lzswxpd-gnumake-4.4.1-info"
            }
          ],
          "store_path": "/nix/store/lgwqlms7xmi8blp2859r44kjacr5zxh4-gnumake-4.4.1"
        },
        "aarch64-linux": {
          "outputs": [
            {
              "name": "out",
              "path": "/nix/store/zrsbdqh6l91d978fdavi7hvpmb2ihw99-gnumake-4.4.1",
              "default": true
            },
            {
              "name": "man",
              "path": "/nix/store/ax9cdx1w6jj511q0vlhh313qf3gmvg13-gnumake-4.4.1-man",
              "default": true
            },
            {
              "name": "debug",
              "path": "/nix/store/rvl823mgrpnd086jgi3v96vh12ghkcvd-gnumake-4.4.1-debug"
            },
            {
              "name": "info",
              "path": "/nix/store/spf1ilhshgxpwqaybd4wbb302al98ws4-gnumake-4.4.1-info"
            }
          ],
          "store_path": "/nix/store/zrsbdqh6l91d978fdavi7hvpmb2ihw99-gnumake-4.4.1"
        },
        "x86_64-darwin": {
          "outputs": [
            {
              "name": "out",
              "path": "/nix/store/85rlha3lfj2l14c9d0fz3k0crvps3baw-gnumake-4.4.1",
              "default": true
            },
            {
              "name": "man",
              "path": "/nix/store/y99mf9qv9kbbxcwb9l187h3y4khhmjyc-gnumake-4.4.1-man",
              "default": true
            },
            {
              "name": "info",
              "path": "/nix/store/rjyq24zm3l6q0s6pv2c1aapx7mbfaz50-gnumake-4.4.1-info"
            }
          ],
          "store_path": "/nix/store/85rlha3lfj2l14c9d0fz3k0crvps3baw-gnumake-4.4.1"
        },
        "x86_64-linux": {
          "outputs": [
            {
              "name": "out",
              "path": "/nix/store/lsy9s0skv65xhprr9yhmig2c844qgi5f-gnumake-4.4.1",
              "default": true
            },
            {
              "name": "man",
              "path": "/nix/store/ndg9b34ayibwwf7z0i2vajgh3kxyk43r-gnumake-4.4.1-man",
              "default": true
            },
            {
              "name": "debug",
              "path": "/nix/store/70idd90xklk1iah6c3xyb1kgrc86hj42-gnumake-4.4.1-debug"
            },
            {
              "name": "info",
              "path": "/nix/store/jxg6sn1ang81pyp3l66i8c0gncnkdhdh-gnumake-4.4.1-info"
            }
          ],
          "store_path": "/nix/store/lsy9s0skv65xhprr9yhmig2c844qgi5f-gnumake-4.4.1"
        }
      }
    },
    "go@latest": {
      "last_modified": "2025-01-19T08:16:51Z",
      "resolved": "github:NixOS/nixpkgs/50165c4f7eb48ce82bd063e1fb8047a0f515f8ce#go",
      "source": "devbox-search",
      "version": "1.23.4",
      "systems": {
        "aarch64-darwin": {
          "outputs": [
            {
              "name": "out",
              "path": "/nix/store/lg7l1czmd5hqwwhjszprdz342q98zmkw-go-1.23.4",
              "default": true
            }
          ],
          "store_path": "/nix/store/lg7l1czmd5hqwwhjszprdz342q98zmkw-go-1.23.4"
        },
        "aarch64-linux": {
          "outputs": [
            {
              "name": "out",
              "path": "/nix/store/2x7k6yj9z37s3d3x5j3kkz6bcak8k9qr-go-1.23.4",
              "default": true
            }
          ],
          "store_path": "/nix/store/2x7k6yj9z37s3d3x5j3kkz6bcak8k9qr-go-1.23.4"
        },
        "x86_64-darwin": {
          "outputs": [
            {
              "name": "out",
              "path": "/nix/store/8x0ag0v37rfy9z58a8yy3hakj3dzdr9c-go-1.23.4",
              "default": true
            }
          ],
          "store_path": "/nix/store/8x0ag0v37rfy9z58a8yy3hakj3dzdr9c-go-1.23.4"
        },
        "x86_64-linux": {
          "outputs": [
            {
              "name": "out",
              "path": "/nix/store/0b6vsy4fa4i4qpk1011hi6251nwdg5y8-go-1.23.4",
              "default": true
            }
          ],
          "store_path": "/nix/store/0b6vsy4fa4i4qpk1011hi6251nwdg5y8-go-1.23.4"
        }
      }
    },
    "libiconv@latest": {
      "last_modified": "2025-01-19T08:16:51Z",
      "resolved": "github:NixOS/nixpkgs/50165c4f7eb48ce82bd063e1fb8047a0f515f8ce#libiconv",
      "source": "devbox-search",
      "version": "2.40",
      "systems": {
        "aarch64-linux": {
          "outputs": [
            {
              "name": "out",
              "path": "/nix/store/5c7kszb0kagnbw31wwdhn0jkn7x8mw57-glibc-iconv-2.40",
              "default": true
            }
          ],
          "store_path": "/nix/store/5c7kszb0kagnbw31wwdhn0jkn7x8mw57-glibc-iconv-2.40"
        },
        "x86_64-linux": {
          "outputs": [
            {
              "name": "out",
              "path": "/nix/store/ljxflkd92m8mn42mxbab381q8d8ygc6q-glibc-iconv-2.40",
              "default": true
            }
          ],
          "store_path": "/nix/store/ljxflkd92m8mn42mxbab381q8d8ygc6q-glibc-iconv-2.40"
        }
      }
    },
    "llvm@latest": {
      "last_modified": "2023-07-15T09:36:47Z",
      "resolved": "github:NixOS/nixpkgs/46ed466081b9cad1125b11f11a2af5cc40b942c7#llvm",
      "source": "devbox-search",
      "version": "11.1.0",
      "systems": {
        "aarch64-darwin": {
          "outputs": [
            {
              "name": "out",
              "path": "/nix/store/fw2nr289aj0c64xpczwy4d2aqkkqpag0-llvm-11.1.0",
              "default": true
            },
            {
              "name": "python",
              "path": "/nix/store/a4r1k1kk8ik9rh024l55zkdxhd4ww2m1-llvm-11.1.0-python"
            },
            {
              "name": "dev",
              "path": "/nix/store/62pd8lzzppbhwsp41jc534zdg1iqivx7-llvm-11.1.0-dev"
            },
            {
              "name": "lib",
              "path": "/nix/store/wzrn3rj0i42ispdiz4znwr2gjk8v2d31-llvm-11.1.0-lib"
            }
          ],
          "store_path": "/nix/store/fw2nr289aj0c64xpczwy4d2aqkkqpag0-llvm-11.1.0"
        },
        "aarch64-linux": {
          "outputs": [
            {
              "name": "out",
              "path": "/nix/store/nhwv558wja6gkfhdbxfz21f0a9kz7v85-llvm-11.1.0",
              "default": true
            },
            {
              "name": "dev",
              "path": "/nix/store/znz7z9pmxsv1py4pib3xpsdwjl1qr8l9-llvm-11.1.0-dev"
            },
            {
              "name": "lib",
              "path": "/nix/store/azhfsf16lm7qgcm88jknywiybm41b191-llvm-11.1.0-lib"
            },
            {
              "name": "python",
              "path": "/nix/store/64d7iqzy8drpz7v6w6r7kd66hyhdqkhk-llvm-11.1.0-python"
            }
          ],
          "store_path": "/nix/store/nhwv558wja6gkfhdbxfz21f0a9kz7v85-llvm-11.1.0"
        },
        "x86_64-darwin": {
          "outputs": [
            {
              "name": "out",
              "path": "/nix/store/7z6bs61wlly6m9czqrddmhwyh7r6g42x-llvm-11.1.0",
              "default": true
            },
            {
              "name": "dev",
              "path": "/nix/store/lkqpa88n6501407y5ha5j1rpgqvvbd6j-llvm-11.1.0-dev"
            },
            {
              "name": "lib",
              "path": "/nix/store/86rffbzdavja7vbbczjiikb65rj4m7i9-llvm-11.1.0-lib"
            },
            {
              "name": "python",
              "path": "/nix/store/9v790lv1xpsxf6n6kjdc4la1ac5294h6-llvm-11.1.0-python"
            }
          ],
          "store_path": "/nix/store/7z6bs61wlly6m9czqrddmhwyh7r6g42x-llvm-11.1.0"
        },
        "x86_64-linux": {
          "outputs": [
            {
              "name": "out",
              "path": "/nix/store/a7nzy012wylfq7qfhhclr4lpq92gsx4j-llvm-11.1.0",
              "default": true
            },
            {
              "name": "dev",
              "path": "/nix/store/906rdd1qncalgjdl8f14b54f8f04wmgx-llvm-11.1.0-dev"
            },
            {
              "name": "lib",
              "path": "/nix/store/5r97sbs5j6mw7qnbg8nhnq1gad9973ap-llvm-11.1.0-lib"
            },
            {
              "name": "python",
              "path": "/nix/store/a9padllp9wz5pna5hw320cfx6p8vvpan-llvm-11.1.0-python"
            }
          ],
          "store_path": "/nix/store/a7nzy012wylfq7qfhhclr4lpq92gsx4j-llvm-11.1.0"
        }
      }
    },
    "nodejs@latest": {
      "last_modified": "2025-01-22T14:55:48Z",
      "plugin_version": "0.0.2",
      "resolved": "github:NixOS/nixpkgs/606996d74f6e2a12635d41c1bf58bfc7ea3bb5ec#nodejs_23",
      "source": "devbox-search",
      "version": "23.6.1",
      "systems": {
        "aarch64-darwin": {
          "outputs": [
            {
              "name": "out",
              "path": "/nix/store/29axir4ms4kg5ivy9gi493a0zpdlhgf5-nodejs-23.6.1",
              "default": true
            },
            {
              "name": "libv8",
              "path": "/nix/store/xfdfdffbchi433vv8yxw2m70wlyizwxw-nodejs-23.6.1-libv8"
            }
          ],
          "store_path": "/nix/store/29axir4ms4kg5ivy9gi493a0zpdlhgf5-nodejs-23.6.1"
        },
        "aarch64-linux": {
          "outputs": [
            {
              "name": "out",
              "path": "/nix/store/iyjgxm33zsha6pajl5kz31sk59vi46i4-nodejs-23.6.1",
              "default": true
            },
            {
              "name": "libv8",
              "path": "/nix/store/2hnqy10ldk4y569i7b03fga6xizhawjz-nodejs-23.6.1-libv8"
            }
          ],
          "store_path": "/nix/store/iyjgxm33zsha6pajl5kz31sk59vi46i4-nodejs-23.6.1"
        },
        "x86_64-darwin": {
          "outputs": [
            {
              "name": "out",
              "path": "/nix/store/3pkq98fxx3snwik291lbrjaqm6y1vq99-nodejs-23.6.1",
              "default": true
            },
            {
              "name": "libv8",
              "path": "/nix/store/0vvj5hwvkw4bwfli1ibgvq8xqyscxm49-nodejs-23.6.1-libv8"
            }
          ],
          "store_path": "/nix/store/3pkq98fxx3snwik291lbrjaqm6y1vq99-nodejs-23.6.1"
        },
        "x86_64-linux": {
          "outputs": [
            {
              "name": "out",
              "path": "/nix/store/0pkqh1lq6j9h93n1ajx6v9zy2pv6hx28-nodejs-23.6.1",
              "default": true
            },
            {
              "name": "libv8",
              "path": "/nix/store/cm187hrwxr4nkmffkwpmr7x6cccss20v-nodejs-23.6.1-libv8"
            }
          ],
          "store_path": "/nix/store/0pkqh1lq6j9h93n1ajx6v9zy2pv6hx28-nodejs-23.6.1"
        }
      }
    },
    "rsync@latest": {
      "last_modified": "2025-01-19T08:16:51Z",
      "resolved": "github:NixOS/nixpkgs/50165c4f7eb48ce82bd063e1fb8047a0f515f8ce#rsync",
      "source": "devbox-search",
      "version": "3.4.1",
      "systems": {
        "aarch64-darwin": {
          "outputs": [
            {
              "name": "out",
              "path": "/nix/store/szyb3yfsblppy5yzzda6162f6rmx331n-rsync-3.4.1",
              "default": true
            }
          ],
          "store_path": "/nix/store/szyb3yfsblppy5yzzda6162f6rmx331n-rsync-3.4.1"
        },
        "aarch64-linux": {
          "outputs": [
            {
              "name": "out",
              "path": "/nix/store/vxbgmzc3v3kbx3s27pb3845qk1r38d4s-rsync-3.4.1",
              "default": true
            }
          ],
          "store_path": "/nix/store/vxbgmzc3v3kbx3s27pb3845qk1r38d4s-rsync-3.4.1"
        },
        "x86_64-darwin": {
          "outputs": [
            {
              "name": "out",
              "path": "/nix/store/g83fqqb9lhjhql0c26nxm1q66gcvr4g6-rsync-3.4.1",
              "default": true
            }
          ],
          "store_path": "/nix/store/g83fqqb9lhjhql0c26nxm1q66gcvr4g6-rsync-3.4.1"
        },
        "x86_64-linux": {
          "outputs": [
            {
              "name": "out",
              "path": "/nix/store/0h7b0vynz1ygps1863h6mmcz61dhdkfv-rsync-3.4.1",
              "default": true
            }
          ],
          "store_path": "/nix/store/0h7b0vynz1ygps1863h6mmcz61dhdkfv-rsync-3.4.1"
        }
      }
    },
    "rustup@latest": {
      "last_modified": "2025-01-19T08:16:51Z",
      "plugin_version": "0.0.1",
      "resolved": "github:NixOS/nixpkgs/50165c4f7eb48ce82bd063e1fb8047a0f515f8ce#rustup",
      "source": "devbox-search",
      "version": "1.27.1",
      "systems": {
        "aarch64-darwin": {
          "outputs": [
            {
              "name": "out",
              "path": "/nix/store/nb4d0yp5hazgynng8rp5x6hgwphm7yj6-rustup-1.27.1",
              "default": true
            }
          ],
          "store_path": "/nix/store/nb4d0yp5hazgynng8rp5x6hgwphm7yj6-rustup-1.27.1"
        },
        "aarch64-linux": {
          "outputs": [
            {
              "name": "out",
              "path": "/nix/store/772m79ldzymzsnvrjic03x3hprhsa7lx-rustup-1.27.1",
              "default": true
            }
          ],
          "store_path": "/nix/store/772m79ldzymzsnvrjic03x3hprhsa7lx-rustup-1.27.1"
        },
        "x86_64-darwin": {
          "outputs": [
            {
              "name": "out",
              "path": "/nix/store/8bb8r3ysynqxiz2w7hmww1lrf6sqwafn-rustup-1.27.1",
              "default": true
            }
          ],
          "store_path": "/nix/store/8bb8r3ysynqxiz2w7hmww1lrf6sqwafn-rustup-1.27.1"
        },
        "x86_64-linux": {
          "outputs": [
            {
              "name": "out",
              "path": "/nix/store/xnmhxkrssh8fgk5vdhz2rr7syvj22yd6-rustup-1.27.1",
              "default": true
            }
          ],
          "store_path": "/nix/store/xnmhxkrssh8fgk5vdhz2rr7syvj22yd6-rustup-1.27.1"
        }
      }
    },
    "tinygo@latest": {
      "last_modified": "2025-01-19T08:16:51Z",
      "resolved": "github:NixOS/nixpkgs/50165c4f7eb48ce82bd063e1fb8047a0f515f8ce#tinygo",
      "source": "devbox-search",
      "version": "0.35.0",
      "systems": {
        "aarch64-darwin": {
          "outputs": [
            {
              "name": "out",
              "path": "/nix/store/d2rbhc5nbgj6frsfzmh5hcf0lamqgqam-tinygo-0.35.0",
              "default": true
            }
          ],
          "store_path": "/nix/store/d2rbhc5nbgj6frsfzmh5hcf0lamqgqam-tinygo-0.35.0"
        },
        "aarch64-linux": {
          "outputs": [
            {
              "name": "out",
              "path": "/nix/store/vfnrl08m5g0iifpv9311kmpfs9060zg2-tinygo-0.35.0",
              "default": true
            }
          ],
          "store_path": "/nix/store/vfnrl08m5g0iifpv9311kmpfs9060zg2-tinygo-0.35.0"
        },
        "x86_64-darwin": {
          "outputs": [
            {
              "name": "out",
              "path": "/nix/store/cffrrih5w2z2vwmsmq5z5y610qacq1ab-tinygo-0.35.0",
              "default": true
            }
          ],
          "store_path": "/nix/store/cffrrih5w2z2vwmsmq5z5y610qacq1ab-tinygo-0.35.0"
        },
        "x86_64-linux": {
          "outputs": [
            {
              "name": "out",
              "path": "/nix/store/isfk5q8ciz4mvw5yp4krs96v2yyhgsq4-tinygo-0.35.0",
              "default": true
            }
          ],
          "store_path": "/nix/store/isfk5q8ciz4mvw5yp4krs96v2yyhgsq4-tinygo-0.35.0"
        }
      }
    },
    "wabt@latest": {
      "last_modified": "2025-01-19T08:16:51Z",
      "resolved": "github:NixOS/nixpkgs/50165c4f7eb48ce82bd063e1fb8047a0f515f8ce#wabt",
      "source": "devbox-search",
      "version": "1.0.36",
      "systems": {
        "aarch64-darwin": {
          "outputs": [
            {
              "name": "out",
              "path": "/nix/store/wf5fdps0r9ynajyklwdqybfg0lf95s4l-wabt-1.0.36",
              "default": true
            }
          ],
          "store_path": "/nix/store/wf5fdps0r9ynajyklwdqybfg0lf95s4l-wabt-1.0.36"
        },
        "aarch64-linux": {
          "outputs": [
            {
              "name": "out",
              "path": "/nix/store/qjcxw6m84xshbr4wbr4lrl95r32igp6q-wabt-1.0.36",
              "default": true
            }
          ],
          "store_path": "/nix/store/qjcxw6m84xshbr4wbr4lrl95r32igp6q-wabt-1.0.36"
        },
        "x86_64-darwin": {
          "outputs": [
            {
              "name": "out",
              "path": "/nix/store/2r3l5040f9j9jhr2av5yxy1hn8531slc-wabt-1.0.36",
              "default": true
            }
          ],
          "store_path": "/nix/store/2r3l5040f9j9jhr2av5yxy1hn8531slc-wabt-1.0.36"
        },
        "x86_64-linux": {
          "outputs": [
            {
              "name": "out",
              "path": "/nix/store/wki5wz39b5iakbnd2037sx3b5c7ajrax-wabt-1.0.36",
              "default": true
            }
          ],
          "store_path": "/nix/store/wki5wz39b5iakbnd2037sx3b5c7ajrax-wabt-1.0.36"
        }
      }
    },
    "zig@latest": {
      "last_modified": "2025-01-19T08:16:51Z",
      "resolved": "github:NixOS/nixpkgs/50165c4f7eb48ce82bd063e1fb8047a0f515f8ce#zig",
      "source": "devbox-search",
      "version": "0.13.0",
      "systems": {
        "aarch64-darwin": {
          "outputs": [
            {
              "name": "out",
              "path": "/nix/store/cjga11fv11521652y515qv5kisvn889p-zig-0.13.0",
              "default": true
            },
            {
              "name": "doc",
              "path": "/nix/store/8liagrjdc92pvcy0hn171vkb3wd1g8s7-zig-0.13.0-doc"
            }
          ],
          "store_path": "/nix/store/cjga11fv11521652y515qv5kisvn889p-zig-0.13.0"
        },
        "aarch64-linux": {
          "outputs": [
            {
              "name": "out",
              "path": "/nix/store/s7g66nm28hzhgrdsxbqrgdrp0znlk9n3-zig-0.13.0",
              "default": true
            },
            {
              "name": "doc",
              "path": "/nix/store/yvjld35pmfb27052mfngkpxyb73q4778-zig-0.13.0-doc"
            }
          ],
          "store_path": "/nix/store/s7g66nm28hzhgrdsxbqrgdrp0znlk9n3-zig-0.13.0"
        },
        "x86_64-darwin": {
          "outputs": [
            {
              "name": "out",
              "path": "/nix/store/w1yvjipcj2zqxdr7j7f2awcsiipyj8lh-zig-0.13.0",
              "default": true
            },
            {
              "name": "doc",
              "path": "/nix/store/zs657ax8sysv4dzikz05ifxnshfz0n7w-zig-0.13.0-doc"
            }
          ],
          "store_path": "/nix/store/w1yvjipcj2zqxdr7j7f2awcsiipyj8lh-zig-0.13.0"
        },
        "x86_64-linux": {
          "outputs": [
            {
              "name": "out",
              "path": "/nix/store/86rlyw6lclib33kbghisr57knpy4wq96-zig-0.13.0",
              "default": true
            },
            {
              "name": "doc",
              "path": "/nix/store/yb9qlv53j5684hp1a5vw840jy3i6nm57-zig-0.13.0-doc"
            }
          ],
          "store_path": "/nix/store/86rlyw6lclib33kbghisr57knpy4wq96-zig-0.13.0"
        }
      }
    }
  }
}
